
Microsoft Visual Studio Solution File, Format Version 12.00
# Visual Studio 15
Project("{FAE04EC0-301F-11D3-BF4B-00C04F79EFBC}") = "Assembly-CSharp", "Assembly-CSharp.csproj", "{087075AE-2CA9-CB6A-3B87-9D1BB8E2D98C}"
EndProject
Project("{FAE04EC0-301F-11D3-BF4B-00C04F79EFBC}") = "Assembly-CSharp-Editor", "Assembly-CSharp-Editor.csproj", "{FCE50E19-3833-B20B-C606-98CC5B0F1011}"
EndProject
Global
	GlobalSection(SolutionConfigurationPlatforms) = preSolution
		Debug|Any CPU = Debug|Any CPU
		Release|Any CPU = Release|Any CPU
	EndGlobalSection
	GlobalSection(ProjectConfigurationPlatforms) = postSolution
		{087075AE-2CA9-CB6A-3B87-9D1BB8E2D98C}.Debug|Any CPU.ActiveCfg = Debug|Any CPU
		{087075AE-2CA9-CB6A-3B87-9D1BB8E2D98C}.Debug|Any CPU.Build.0 = Debug|Any CPU
		{087075AE-2CA9-CB6A-3B87-9D1BB8E2D98C}.Release|Any CPU.ActiveCfg = Release|Any CPU
		{087075AE-2CA9-CB6A-3B87-9D1BB8E2D98C}.Release|Any CPU.Build.0 = Release|Any CPU
		{FCE50E19-3833-B20B-C606-98CC5B0F1011}.Debug|Any CPU.ActiveCfg = Debug|Any CPU
		{FCE50E19-3833-B20B-C606-98CC5B0F1011}.Debug|Any CPU.Build.0 = Debug|Any CPU
		{FCE50E19-3833-B20B-C606-98CC5B0F1011}.Release|Any CPU.ActiveCfg = Release|Any CPU
		{FCE50E19-3833-B20B-C606-98CC5B0F1011}.Release|Any CPU.Build.0 = Release|Any CPU
	EndGlobalSection
	GlobalSection(SolutionProperties) = preSolution
		HideSolutionNode = FALSE
	EndGlobalSection
EndGlobal
